
Microsoft Visual Studio Solution File, Format Version 12.00
# Visual Studio Version 17
VisualStudioVersion = 17.0.31903.59
MinimumVisualStudioVersion = 10.0.40219.1
Project("{FAE04EC0-301F-11D3-BF4B-00C04F79EFBC}") = "ConsoleApp1", "ConsoleApp1\ConsoleApp1.csproj", "{AF7D3F64-08E0-4C14-9242-82E55E499672}"
EndProject
Project("{FAE04EC0-301F-11D3-BF4B-00C04F79EFBC}") = "ConsoleApp2", "ConsoleApp2\ConsoleApp2.csproj", "{DCCC7243-628F-49D1-A361-0A3AF74F0BE9}"
EndProject
Project("{FAE04EC0-301F-11D3-BF4B-00C04F79EFBC}") = "DayOne", "DayOne\DayOne.csproj", "{536CEB1A-02F9-4E0B-AC5D-106B0902F5EE}"
EndProject
Project("{FAE04EC0-301F-11D3-BF4B-00C04F79EFBC}") = "FooBar", "FooBar\FooBar.csproj", "{C9ABABC2-C3E0-4147-9C4F-010AE5434450}"
EndProject
Project("{FAE04EC0-301F-11D3-BF4B-00C04F79EFBC}") = "DayThree", "DayThree\DayThree.csproj", "{33311DD6-56DC-418D-BEB2-DFFF49A98E8E}"
EndProject
Project("{FAE04EC0-301F-11D3-BF4B-00C04F79EFBC}") = "Queue", "Queue\Queue.csproj", "{3625209A-BA77-4BE5-BB83-9442781044B2}"
EndProject
Project("{FAE04EC0-301F-11D3-BF4B-00C04F79EFBC}") = "Stack", "Stack\Stack.csproj", "{FF15A0F1-8FF7-4A26-8CFF-F1DB57D0ADE6}"
EndProject
Project("{FAE04EC0-301F-11D3-BF4B-00C04F79EFBC}") = "DayFive", "DayFive\DayFive.csproj", "{F76A8E7A-2349-4466-A72A-C3ABDEDDF7D2}"
EndProject
Project("{FAE04EC0-301F-11D3-BF4B-00C04F79EFBC}") = "LinkedList", "LinkedList\LinkedList.csproj", "{801524B9-F720-476B-A200-5E33539083E3}"
EndProject
Project("{FAE04EC0-301F-11D3-BF4B-00C04F79EFBC}") = "CircularQueue", "CircularQueue\CircularQueue.csproj", "{F61801CC-3319-468B-A9B2-F7DB5F7D2C81}"
EndProject
Global
	GlobalSection(SolutionConfigurationPlatforms) = preSolution
		Debug|Any CPU = Debug|Any CPU
		Debug|x64 = Debug|x64
		Debug|x86 = Debug|x86
		Release|Any CPU = Release|Any CPU
		Release|x64 = Release|x64
		Release|x86 = Release|x86
	EndGlobalSection
	GlobalSection(ProjectConfigurationPlatforms) = postSolution
		{AF7D3F64-08E0-4C14-9242-82E55E499672}.Debug|Any CPU.ActiveCfg = Debug|Any CPU
		{AF7D3F64-08E0-4C14-9242-82E55E499672}.Debug|Any CPU.Build.0 = Debug|Any CPU
		{AF7D3F64-08E0-4C14-9242-82E55E499672}.Debug|x64.ActiveCfg = Debug|Any CPU
		{AF7D3F64-08E0-4C14-9242-82E55E499672}.Debug|x64.Build.0 = Debug|Any CPU
		{AF7D3F64-08E0-4C14-9242-82E55E499672}.Debug|x86.ActiveCfg = Debug|Any CPU
		{AF7D3F64-08E0-4C14-9242-82E55E499672}.Debug|x86.Build.0 = Debug|Any CPU
		{AF7D3F64-08E0-4C14-9242-82E55E499672}.Release|Any CPU.ActiveCfg = Release|Any CPU
		{AF7D3F64-08E0-4C14-9242-82E55E499672}.Release|Any CPU.Build.0 = Release|Any CPU
		{AF7D3F64-08E0-4C14-9242-82E55E499672}.Release|x64.ActiveCfg = Release|Any CPU
		{AF7D3F64-08E0-4C14-9242-82E55E499672}.Release|x64.Build.0 = Release|Any CPU
		{AF7D3F64-08E0-4C14-9242-82E55E499672}.Release|x86.ActiveCfg = Release|Any CPU
		{AF7D3F64-08E0-4C14-9242-82E55E499672}.Release|x86.Build.0 = Release|Any CPU
		{DCCC7243-628F-49D1-A361-0A3AF74F0BE9}.Debug|Any CPU.ActiveCfg = Debug|Any CPU
		{DCCC7243-628F-49D1-A361-0A3AF74F0BE9}.Debug|Any CPU.Build.0 = Debug|Any CPU
		{DCCC7243-628F-49D1-A361-0A3AF74F0BE9}.Debug|x64.ActiveCfg = Debug|Any CPU
		{DCCC7243-628F-49D1-A361-0A3AF74F0BE9}.Debug|x64.Build.0 = Debug|Any CPU
		{DCCC7243-628F-49D1-A361-0A3AF74F0BE9}.Debug|x86.ActiveCfg = Debug|Any CPU
		{DCCC7243-628F-49D1-A361-0A3AF74F0BE9}.Debug|x86.Build.0 = Debug|Any CPU
		{DCCC7243-628F-49D1-A361-0A3AF74F0BE9}.Release|Any CPU.ActiveCfg = Release|Any CPU
		{DCCC7243-628F-49D1-A361-0A3AF74F0BE9}.Release|Any CPU.Build.0 = Release|Any CPU
		{DCCC7243-628F-49D1-A361-0A3AF74F0BE9}.Release|x64.ActiveCfg = Release|Any CPU
		{DCCC7243-628F-49D1-A361-0A3AF74F0BE9}.Release|x64.Build.0 = Release|Any CPU
		{DCCC7243-628F-49D1-A361-0A3AF74F0BE9}.Release|x86.ActiveCfg = Release|Any CPU
		{DCCC7243-628F-49D1-A361-0A3AF74F0BE9}.Release|x86.Build.0 = Release|Any CPU
		{536CEB1A-02F9-4E0B-AC5D-106B0902F5EE}.Debug|Any CPU.ActiveCfg = Debug|Any CPU
		{536CEB1A-02F9-4E0B-AC5D-106B0902F5EE}.Debug|Any CPU.Build.0 = Debug|Any CPU
		{536CEB1A-02F9-4E0B-AC5D-106B0902F5EE}.Debug|x64.ActiveCfg = Debug|Any CPU
		{536CEB1A-02F9-4E0B-AC5D-106B0902F5EE}.Debug|x64.Build.0 = Debug|Any CPU
		{536CEB1A-02F9-4E0B-AC5D-106B0902F5EE}.Debug|x86.ActiveCfg = Debug|Any CPU
		{536CEB1A-02F9-4E0B-AC5D-106B0902F5EE}.Debug|x86.Build.0 = Debug|Any CPU
		{536CEB1A-02F9-4E0B-AC5D-106B0902F5EE}.Release|Any CPU.ActiveCfg = Release|Any CPU
		{536CEB1A-02F9-4E0B-AC5D-106B0902F5EE}.Release|Any CPU.Build.0 = Release|Any CPU
		{536CEB1A-02F9-4E0B-AC5D-106B0902F5EE}.Release|x64.ActiveCfg = Release|Any CPU
		{536CEB1A-02F9-4E0B-AC5D-106B0902F5EE}.Release|x64.Build.0 = Release|Any CPU
		{536CEB1A-02F9-4E0B-AC5D-106B0902F5EE}.Release|x86.ActiveCfg = Release|Any CPU
		{536CEB1A-02F9-4E0B-AC5D-106B0902F5EE}.Release|x86.Build.0 = Release|Any CPU
		{C9ABABC2-C3E0-4147-9C4F-010AE5434450}.Debug|Any CPU.ActiveCfg = Debug|Any CPU
		{C9ABABC2-C3E0-4147-9C4F-010AE5434450}.Debug|Any CPU.Build.0 = Debug|Any CPU
		{C9ABABC2-C3E0-4147-9C4F-010AE5434450}.Debug|x64.ActiveCfg = Debug|Any CPU
		{C9ABABC2-C3E0-4147-9C4F-010AE5434450}.Debug|x64.Build.0 = Debug|Any CPU
		{C9ABABC2-C3E0-4147-9C4F-010AE5434450}.Debug|x86.ActiveCfg = Debug|Any CPU
		{C9ABABC2-C3E0-4147-9C4F-010AE5434450}.Debug|x86.Build.0 = Debug|Any CPU
		{C9ABABC2-C3E0-4147-9C4F-010AE5434450}.Release|Any CPU.ActiveCfg = Release|Any CPU
		{C9ABABC2-C3E0-4147-9C4F-010AE5434450}.Release|Any CPU.Build.0 = Release|Any CPU
		{C9ABABC2-C3E0-4147-9C4F-010AE5434450}.Release|x64.ActiveCfg = Release|Any CPU
		{C9ABABC2-C3E0-4147-9C4F-010AE5434450}.Release|x64.Build.0 = Release|Any CPU
		{C9ABABC2-C3E0-4147-9C4F-010AE5434450}.Release|x86.ActiveCfg = Release|Any CPU
		{C9ABABC2-C3E0-4147-9C4F-010AE5434450}.Release|x86.Build.0 = Release|Any CPU
		{33311DD6-56DC-418D-BEB2-DFFF49A98E8E}.Debug|Any CPU.ActiveCfg = Debug|Any CPU
		{33311DD6-56DC-418D-BEB2-DFFF49A98E8E}.Debug|Any CPU.Build.0 = Debug|Any CPU
		{33311DD6-56DC-418D-BEB2-DFFF49A98E8E}.Debug|x64.ActiveCfg = Debug|Any CPU
		{33311DD6-56DC-418D-BEB2-DFFF49A98E8E}.Debug|x64.Build.0 = Debug|Any CPU
		{33311DD6-56DC-418D-BEB2-DFFF49A98E8E}.Debug|x86.ActiveCfg = Debug|Any CPU
		{33311DD6-56DC-418D-BEB2-DFFF49A98E8E}.Debug|x86.Build.0 = Debug|Any CPU
		{33311DD6-56DC-418D-BEB2-DFFF49A98E8E}.Release|Any CPU.ActiveCfg = Release|Any CPU
		{33311DD6-56DC-418D-BEB2-DFFF49A98E8E}.Release|Any CPU.Build.0 = Release|Any CPU
		{33311DD6-56DC-418D-BEB2-DFFF49A98E8E}.Release|x64.ActiveCfg = Release|Any CPU
		{33311DD6-56DC-418D-BEB2-DFFF49A98E8E}.Release|x64.Build.0 = Release|Any CPU
		{33311DD6-56DC-418D-BEB2-DFFF49A98E8E}.Release|x86.ActiveCfg = Release|Any CPU
		{33311DD6-56DC-418D-BEB2-DFFF49A98E8E}.Release|x86.Build.0 = Release|Any CPU
		{3625209A-BA77-4BE5-BB83-9442781044B2}.Debug|Any CPU.ActiveCfg = Debug|Any CPU
		{3625209A-BA77-4BE5-BB83-9442781044B2}.Debug|Any CPU.Build.0 = Debug|Any CPU
		{3625209A-BA77-4BE5-BB83-9442781044B2}.Debug|x64.ActiveCfg = Debug|Any CPU
		{3625209A-BA77-4BE5-BB83-9442781044B2}.Debug|x64.Build.0 = Debug|Any CPU
		{3625209A-BA77-4BE5-BB83-9442781044B2}.Debug|x86.ActiveCfg = Debug|Any CPU
		{3625209A-BA77-4BE5-BB83-9442781044B2}.Debug|x86.Build.0 = Debug|Any CPU
		{3625209A-BA77-4BE5-BB83-9442781044B2}.Release|Any CPU.ActiveCfg = Release|Any CPU
		{3625209A-BA77-4BE5-BB83-9442781044B2}.Release|Any CPU.Build.0 = Release|Any CPU
		{3625209A-BA77-4BE5-BB83-9442781044B2}.Release|x64.ActiveCfg = Release|Any CPU
		{3625209A-BA77-4BE5-BB83-9442781044B2}.Release|x64.Build.0 = Release|Any CPU
		{3625209A-BA77-4BE5-BB83-9442781044B2}.Release|x86.ActiveCfg = Release|Any CPU
		{3625209A-BA77-4BE5-BB83-9442781044B2}.Release|x86.Build.0 = Release|Any CPU
		{FF15A0F1-8FF7-4A26-8CFF-F1DB57D0ADE6}.Debug|Any CPU.ActiveCfg = Debug|Any CPU
		{FF15A0F1-8FF7-4A26-8CFF-F1DB57D0ADE6}.Debug|Any CPU.Build.0 = Debug|Any CPU
		{FF15A0F1-8FF7-4A26-8CFF-F1DB57D0ADE6}.Debug|x64.ActiveCfg = Debug|Any CPU
		{FF15A0F1-8FF7-4A26-8CFF-F1DB57D0ADE6}.Debug|x64.Build.0 = Debug|Any CPU
		{FF15A0F1-8FF7-4A26-8CFF-F1DB57D0ADE6}.Debug|x86.ActiveCfg = Debug|Any CPU
		{FF15A0F1-8FF7-4A26-8CFF-F1DB57D0ADE6}.Debug|x86.Build.0 = Debug|Any CPU
		{FF15A0F1-8FF7-4A26-8CFF-F1DB57D0ADE6}.Release|Any CPU.ActiveCfg = Release|Any CPU
		{FF15A0F1-8FF7-4A26-8CFF-F1DB57D0ADE6}.Release|Any CPU.Build.0 = Release|Any CPU
		{FF15A0F1-8FF7-4A26-8CFF-F1DB57D0ADE6}.Release|x64.ActiveCfg = Release|Any CPU
		{FF15A0F1-8FF7-4A26-8CFF-F1DB57D0ADE6}.Release|x64.Build.0 = Release|Any CPU
		{FF15A0F1-8FF7-4A26-8CFF-F1DB57D0ADE6}.Release|x86.ActiveCfg = Release|Any CPU
		{FF15A0F1-8FF7-4A26-8CFF-F1DB57D0ADE6}.Release|x86.Build.0 = Release|Any CPU
		{F76A8E7A-2349-4466-A72A-C3ABDEDDF7D2}.Debug|Any CPU.ActiveCfg = Debug|Any CPU
		{F76A8E7A-2349-4466-A72A-C3ABDEDDF7D2}.Debug|Any CPU.Build.0 = Debug|Any CPU
		{F76A8E7A-2349-4466-A72A-C3ABDEDDF7D2}.Debug|x64.ActiveCfg = Debug|Any CPU
		{F76A8E7A-2349-4466-A72A-C3ABDEDDF7D2}.Debug|x64.Build.0 = Debug|Any CPU
		{F76A8E7A-2349-4466-A72A-C3ABDEDDF7D2}.Debug|x86.ActiveCfg = Debug|Any CPU
		{F76A8E7A-2349-4466-A72A-C3ABDEDDF7D2}.Debug|x86.Build.0 = Debug|Any CPU
		{F76A8E7A-2349-4466-A72A-C3ABDEDDF7D2}.Release|Any CPU.ActiveCfg = Release|Any CPU
		{F76A8E7A-2349-4466-A72A-C3ABDEDDF7D2}.Release|Any CPU.Build.0 = Release|Any CPU
		{F76A8E7A-2349-4466-A72A-C3ABDEDDF7D2}.Release|x64.ActiveCfg = Release|Any CPU
		{F76A8E7A-2349-4466-A72A-C3ABDEDDF7D2}.Release|x64.Build.0 = Release|Any CPU
		{F76A8E7A-2349-4466-A72A-C3ABDEDDF7D2}.Release|x86.ActiveCfg = Release|Any CPU
		{F76A8E7A-2349-4466-A72A-C3ABDEDDF7D2}.Release|x86.Build.0 = Release|Any CPU
		{801524B9-F720-476B-A200-5E33539083E3}.Debug|Any CPU.ActiveCfg = Debug|Any CPU
		{801524B9-F720-476B-A200-5E33539083E3}.Debug|Any CPU.Build.0 = Debug|Any CPU
		{801524B9-F720-476B-A200-5E33539083E3}.Debug|x64.ActiveCfg = Debug|Any CPU
		{801524B9-F720-476B-A200-5E33539083E3}.Debug|x64.Build.0 = Debug|Any CPU
		{801524B9-F720-476B-A200-5E33539083E3}.Debug|x86.ActiveCfg = Debug|Any CPU
		{801524B9-F720-476B-A200-5E33539083E3}.Debug|x86.Build.0 = Debug|Any CPU
		{801524B9-F720-476B-A200-5E33539083E3}.Release|Any CPU.ActiveCfg = Release|Any CPU
		{801524B9-F720-476B-A200-5E33539083E3}.Release|Any CPU.Build.0 = Release|Any CPU
		{801524B9-F720-476B-A200-5E33539083E3}.Release|x64.ActiveCfg = Release|Any CPU
		{801524B9-F720-476B-A200-5E33539083E3}.Release|x64.Build.0 = Release|Any CPU
		{801524B9-F720-476B-A200-5E33539083E3}.Release|x86.ActiveCfg = Release|Any CPU
		{801524B9-F720-476B-A200-5E33539083E3}.Release|x86.Build.0 = Release|Any CPU
		{F61801CC-3319-468B-A9B2-F7DB5F7D2C81}.Debug|Any CPU.ActiveCfg = Debug|Any CPU
		{F61801CC-3319-468B-A9B2-F7DB5F7D2C81}.Debug|Any CPU.Build.0 = Debug|Any CPU
		{F61801CC-3319-468B-A9B2-F7DB5F7D2C81}.Debug|x64.ActiveCfg = Debug|Any CPU
		{F61801CC-3319-468B-A9B2-F7DB5F7D2C81}.Debug|x64.Build.0 = Debug|Any CPU
		{F61801CC-3319-468B-A9B2-F7DB5F7D2C81}.Debug|x86.ActiveCfg = Debug|Any CPU
		{F61801CC-3319-468B-A9B2-F7DB5F7D2C81}.Debug|x86.Build.0 = Debug|Any CPU
		{F61801CC-3319-468B-A9B2-F7DB5F7D2C81}.Release|Any CPU.ActiveCfg = Release|Any CPU
		{F61801CC-3319-468B-A9B2-F7DB5F7D2C81}.Release|Any CPU.Build.0 = Release|Any CPU
		{F61801CC-3319-468B-A9B2-F7DB5F7D2C81}.Release|x64.ActiveCfg = Release|Any CPU
		{F61801CC-3319-468B-A9B2-F7DB5F7D2C81}.Release|x64.Build.0 = Release|Any CPU
		{F61801CC-3319-468B-A9B2-F7DB5F7D2C81}.Release|x86.ActiveCfg = Release|Any CPU
		{F61801CC-3319-468B-A9B2-F7DB5F7D2C81}.Release|x86.Build.0 = Release|Any CPU
	EndGlobalSection
	GlobalSection(SolutionProperties) = preSolution
		HideSolutionNode = FALSE
	EndGlobalSection
EndGlobal
